
Microsoft Visual Studio Solution File, Format Version 12.00
# Visual Studio 15
VisualStudioVersion = 15.0.26124.0
MinimumVisualStudioVersion = 15.0.26124.0
Project("{2150E333-8FDC-42A3-9474-1A3956D46DE8}") = "src", "src", "{25899974-2E0F-4612-9E2C-4FAA4BF2962E}"
EndProject
Project("{FAE04EC0-301F-11D3-BF4B-00C04F79EFBC}") = "Persona.API", "src\Persona.API\Persona.API.csproj", "{350C01B9-BD10-4E94-828C-645DF2FB58E6}"
EndProject
Project("{FAE04EC0-301F-11D3-BF4B-00C04F79EFBC}") = "Persona.Domain", "src\Persona.Domain\Persona.Domain.csproj", "{BCBAD6E8-DDDC-409E-B13E-761430AF8E86}"
EndProject
Project("{FAE04EC0-301F-11D3-BF4B-00C04F79EFBC}") = "Persona.Infrastructure", "src\Persona.Infrastructure\Persona.Infrastructure.csproj", "{53776027-0982-41FD-8FB3-9F1F2530689F}"
EndProject
Project("{FAE04EC0-301F-11D3-BF4B-00C04F79EFBC}") = "Persona.Persistence", "src\Persona.Persistence\Persona.Persistence.csproj", "{FF96858E-3410-4E32-B50E-24E680DA7F5D}"
EndProject
Project("{FAE04EC0-301F-11D3-BF4B-00C04F79EFBC}") = "Persona.SharedKernel", "src\Persona.SharedKernel\Persona.SharedKernel.csproj", "{BBF5EC60-32DC-4DC0-AD19-7771574166C7}"
EndProject
Project("{FAE04EC0-301F-11D3-BF4B-00C04F79EFBC}") = "Persona.SharedKernel.Tests", "src\Persona.SharedKernel.Tests\Persona.SharedKernel.Tests.csproj", "{DBA382A1-2A6A-40B7-9AFA-F90C8711A889}"
EndProject
Project("{FAE04EC0-301F-11D3-BF4B-00C04F79EFBC}") = "Persona.Web.FrontPage", "src\Persona.Web.FrontPage\Persona.Web.FrontPage.csproj", "{D3D1AB91-C9FE-4D98-8519-BABC70969FA8}"
EndProject
Project("{FAE04EC0-301F-11D3-BF4B-00C04F79EFBC}") = "Persona.Web.Admin", "src\Persona.Web.Admin\Persona.Web.Admin.csproj", "{81ECE2A3-45D3-45E3-A371-ECC08B43F897}"
EndProject
Global
	GlobalSection(SolutionConfigurationPlatforms) = preSolution
		Debug|Any CPU = Debug|Any CPU
		Debug|x64 = Debug|x64
		Debug|x86 = Debug|x86
		Release|Any CPU = Release|Any CPU
		Release|x64 = Release|x64
		Release|x86 = Release|x86
	EndGlobalSection
	GlobalSection(SolutionProperties) = preSolution
		HideSolutionNode = FALSE
	EndGlobalSection
	GlobalSection(ProjectConfigurationPlatforms) = postSolution
		{350C01B9-BD10-4E94-828C-645DF2FB58E6}.Debug|Any CPU.ActiveCfg = Debug|Any CPU
		{350C01B9-BD10-4E94-828C-645DF2FB58E6}.Debug|Any CPU.Build.0 = Debug|Any CPU
		{350C01B9-BD10-4E94-828C-645DF2FB58E6}.Debug|x64.ActiveCfg = Debug|Any CPU
		{350C01B9-BD10-4E94-828C-645DF2FB58E6}.Debug|x64.Build.0 = Debug|Any CPU
		{350C01B9-BD10-4E94-828C-645DF2FB58E6}.Debug|x86.ActiveCfg = Debug|Any CPU
		{350C01B9-BD10-4E94-828C-645DF2FB58E6}.Debug|x86.Build.0 = Debug|Any CPU
		{350C01B9-BD10-4E94-828C-645DF2FB58E6}.Release|Any CPU.ActiveCfg = Release|Any CPU
		{350C01B9-BD10-4E94-828C-645DF2FB58E6}.Release|Any CPU.Build.0 = Release|Any CPU
		{350C01B9-BD10-4E94-828C-645DF2FB58E6}.Release|x64.ActiveCfg = Release|Any CPU
		{350C01B9-BD10-4E94-828C-645DF2FB58E6}.Release|x64.Build.0 = Release|Any CPU
		{350C01B9-BD10-4E94-828C-645DF2FB58E6}.Release|x86.ActiveCfg = Release|Any CPU
		{350C01B9-BD10-4E94-828C-645DF2FB58E6}.Release|x86.Build.0 = Release|Any CPU
		{BCBAD6E8-DDDC-409E-B13E-761430AF8E86}.Debug|Any CPU.ActiveCfg = Debug|Any CPU
		{BCBAD6E8-DDDC-409E-B13E-761430AF8E86}.Debug|Any CPU.Build.0 = Debug|Any CPU
		{BCBAD6E8-DDDC-409E-B13E-761430AF8E86}.Debug|x64.ActiveCfg = Debug|Any CPU
		{BCBAD6E8-DDDC-409E-B13E-761430AF8E86}.Debug|x64.Build.0 = Debug|Any CPU
		{BCBAD6E8-DDDC-409E-B13E-761430AF8E86}.Debug|x86.ActiveCfg = Debug|Any CPU
		{BCBAD6E8-DDDC-409E-B13E-761430AF8E86}.Debug|x86.Build.0 = Debug|Any CPU
		{BCBAD6E8-DDDC-409E-B13E-761430AF8E86}.Release|Any CPU.ActiveCfg = Release|Any CPU
		{BCBAD6E8-DDDC-409E-B13E-761430AF8E86}.Release|Any CPU.Build.0 = Release|Any CPU
		{BCBAD6E8-DDDC-409E-B13E-761430AF8E86}.Release|x64.ActiveCfg = Release|Any CPU
		{BCBAD6E8-DDDC-409E-B13E-761430AF8E86}.Release|x64.Build.0 = Release|Any CPU
		{BCBAD6E8-DDDC-409E-B13E-761430AF8E86}.Release|x86.ActiveCfg = Release|Any CPU
		{BCBAD6E8-DDDC-409E-B13E-761430AF8E86}.Release|x86.Build.0 = Release|Any CPU
		{53776027-0982-41FD-8FB3-9F1F2530689F}.Debug|Any CPU.ActiveCfg = Debug|Any CPU
		{53776027-0982-41FD-8FB3-9F1F2530689F}.Debug|Any CPU.Build.0 = Debug|Any CPU
		{53776027-0982-41FD-8FB3-9F1F2530689F}.Debug|x64.ActiveCfg = Debug|Any CPU
		{53776027-0982-41FD-8FB3-9F1F2530689F}.Debug|x64.Build.0 = Debug|Any CPU
		{53776027-0982-41FD-8FB3-9F1F2530689F}.Debug|x86.ActiveCfg = Debug|Any CPU
		{53776027-0982-41FD-8FB3-9F1F2530689F}.Debug|x86.Build.0 = Debug|Any CPU
		{53776027-0982-41FD-8FB3-9F1F2530689F}.Release|Any CPU.ActiveCfg = Release|Any CPU
		{53776027-0982-41FD-8FB3-9F1F2530689F}.Release|Any CPU.Build.0 = Release|Any CPU
		{53776027-0982-41FD-8FB3-9F1F2530689F}.Release|x64.ActiveCfg = Release|Any CPU
		{53776027-0982-41FD-8FB3-9F1F2530689F}.Release|x64.Build.0 = Release|Any CPU
		{53776027-0982-41FD-8FB3-9F1F2530689F}.Release|x86.ActiveCfg = Release|Any CPU
		{53776027-0982-41FD-8FB3-9F1F2530689F}.Release|x86.Build.0 = Release|Any CPU
		{FF96858E-3410-4E32-B50E-24E680DA7F5D}.Debug|Any CPU.ActiveCfg = Debug|Any CPU
		{FF96858E-3410-4E32-B50E-24E680DA7F5D}.Debug|Any CPU.Build.0 = Debug|Any CPU
		{FF96858E-3410-4E32-B50E-24E680DA7F5D}.Debug|x64.ActiveCfg = Debug|Any CPU
		{FF96858E-3410-4E32-B50E-24E680DA7F5D}.Debug|x64.Build.0 = Debug|Any CPU
		{FF96858E-3410-4E32-B50E-24E680DA7F5D}.Debug|x86.ActiveCfg = Debug|Any CPU
		{FF96858E-3410-4E32-B50E-24E680DA7F5D}.Debug|x86.Build.0 = Debug|Any CPU
		{FF96858E-3410-4E32-B50E-24E680DA7F5D}.Release|Any CPU.ActiveCfg = Release|Any CPU
		{FF96858E-3410-4E32-B50E-24E680DA7F5D}.Release|Any CPU.Build.0 = Release|Any CPU
		{FF96858E-3410-4E32-B50E-24E680DA7F5D}.Release|x64.ActiveCfg = Release|Any CPU
		{FF96858E-3410-4E32-B50E-24E680DA7F5D}.Release|x64.Build.0 = Release|Any CPU
		{FF96858E-3410-4E32-B50E-24E680DA7F5D}.Release|x86.ActiveCfg = Release|Any CPU
		{FF96858E-3410-4E32-B50E-24E680DA7F5D}.Release|x86.Build.0 = Release|Any CPU
		{BBF5EC60-32DC-4DC0-AD19-7771574166C7}.Debug|Any CPU.ActiveCfg = Debug|Any CPU
		{BBF5EC60-32DC-4DC0-AD19-7771574166C7}.Debug|Any CPU.Build.0 = Debug|Any CPU
		{BBF5EC60-32DC-4DC0-AD19-7771574166C7}.Debug|x64.ActiveCfg = Debug|Any CPU
		{BBF5EC60-32DC-4DC0-AD19-7771574166C7}.Debug|x64.Build.0 = Debug|Any CPU
		{BBF5EC60-32DC-4DC0-AD19-7771574166C7}.Debug|x86.ActiveCfg = Debug|Any CPU
		{BBF5EC60-32DC-4DC0-AD19-7771574166C7}.Debug|x86.Build.0 = Debug|Any CPU
		{BBF5EC60-32DC-4DC0-AD19-7771574166C7}.Release|Any CPU.ActiveCfg = Release|Any CPU
		{BBF5EC60-32DC-4DC0-AD19-7771574166C7}.Release|Any CPU.Build.0 = Release|Any CPU
		{BBF5EC60-32DC-4DC0-AD19-7771574166C7}.Release|x64.ActiveCfg = Release|Any CPU
		{BBF5EC60-32DC-4DC0-AD19-7771574166C7}.Release|x64.Build.0 = Release|Any CPU
		{BBF5EC60-32DC-4DC0-AD19-7771574166C7}.Release|x86.ActiveCfg = Release|Any CPU
		{BBF5EC60-32DC-4DC0-AD19-7771574166C7}.Release|x86.Build.0 = Release|Any CPU
		{DBA382A1-2A6A-40B7-9AFA-F90C8711A889}.Debug|Any CPU.ActiveCfg = Debug|Any CPU
		{DBA382A1-2A6A-40B7-9AFA-F90C8711A889}.Debug|Any CPU.Build.0 = Debug|Any CPU
		{DBA382A1-2A6A-40B7-9AFA-F90C8711A889}.Debug|x64.ActiveCfg = Debug|Any CPU
		{DBA382A1-2A6A-40B7-9AFA-F90C8711A889}.Debug|x64.Build.0 = Debug|Any CPU
		{DBA382A1-2A6A-40B7-9AFA-F90C8711A889}.Debug|x86.ActiveCfg = Debug|Any CPU
		{DBA382A1-2A6A-40B7-9AFA-F90C8711A889}.Debug|x86.Build.0 = Debug|Any CPU
		{DBA382A1-2A6A-40B7-9AFA-F90C8711A889}.Release|Any CPU.ActiveCfg = Release|Any CPU
		{DBA382A1-2A6A-40B7-9AFA-F90C8711A889}.Release|Any CPU.Build.0 = Release|Any CPU
		{DBA382A1-2A6A-40B7-9AFA-F90C8711A889}.Release|x64.ActiveCfg = Release|Any CPU
		{DBA382A1-2A6A-40B7-9AFA-F90C8711A889}.Release|x64.Build.0 = Release|Any CPU
		{DBA382A1-2A6A-40B7-9AFA-F90C8711A889}.Release|x86.ActiveCfg = Release|Any CPU
		{DBA382A1-2A6A-40B7-9AFA-F90C8711A889}.Release|x86.Build.0 = Release|Any CPU
		{D3D1AB91-C9FE-4D98-8519-BABC70969FA8}.Debug|Any CPU.ActiveCfg = Debug|Any CPU
		{D3D1AB91-C9FE-4D98-8519-BABC70969FA8}.Debug|Any CPU.Build.0 = Debug|Any CPU
		{D3D1AB91-C9FE-4D98-8519-BABC70969FA8}.Debug|x64.ActiveCfg = Debug|Any CPU
		{D3D1AB91-C9FE-4D98-8519-BABC70969FA8}.Debug|x64.Build.0 = Debug|Any CPU
		{D3D1AB91-C9FE-4D98-8519-BABC70969FA8}.Debug|x86.ActiveCfg = Debug|Any CPU
		{D3D1AB91-C9FE-4D98-8519-BABC70969FA8}.Debug|x86.Build.0 = Debug|Any CPU
		{D3D1AB91-C9FE-4D98-8519-BABC70969FA8}.Release|Any CPU.ActiveCfg = Release|Any CPU
		{D3D1AB91-C9FE-4D98-8519-BABC70969FA8}.Release|Any CPU.Build.0 = Release|Any CPU
		{D3D1AB91-C9FE-4D98-8519-BABC70969FA8}.Release|x64.ActiveCfg = Release|Any CPU
		{D3D1AB91-C9FE-4D98-8519-BABC70969FA8}.Release|x64.Build.0 = Release|Any CPU
		{D3D1AB91-C9FE-4D98-8519-BABC70969FA8}.Release|x86.ActiveCfg = Release|Any CPU
		{D3D1AB91-C9FE-4D98-8519-BABC70969FA8}.Release|x86.Build.0 = Release|Any CPU
		{81ECE2A3-45D3-45E3-A371-ECC08B43F897}.Debug|Any CPU.ActiveCfg = Debug|Any CPU
		{81ECE2A3-45D3-45E3-A371-ECC08B43F897}.Debug|Any CPU.Build.0 = Debug|Any CPU
		{81ECE2A3-45D3-45E3-A371-ECC08B43F897}.Debug|x64.ActiveCfg = Debug|Any CPU
		{81ECE2A3-45D3-45E3-A371-ECC08B43F897}.Debug|x64.Build.0 = Debug|Any CPU
		{81ECE2A3-45D3-45E3-A371-ECC08B43F897}.Debug|x86.ActiveCfg = Debug|Any CPU
		{81ECE2A3-45D3-45E3-A371-ECC08B43F897}.Debug|x86.Build.0 = Debug|Any CPU
		{81ECE2A3-45D3-45E3-A371-ECC08B43F897}.Release|Any CPU.ActiveCfg = Release|Any CPU
		{81ECE2A3-45D3-45E3-A371-ECC08B43F897}.Release|Any CPU.Build.0 = Release|Any CPU
		{81ECE2A3-45D3-45E3-A371-ECC08B43F897}.Release|x64.ActiveCfg = Release|Any CPU
		{81ECE2A3-45D3-45E3-A371-ECC08B43F897}.Release|x64.Build.0 = Release|Any CPU
		{81ECE2A3-45D3-45E3-A371-ECC08B43F897}.Release|x86.ActiveCfg = Release|Any CPU
		{81ECE2A3-45D3-45E3-A371-ECC08B43F897}.Release|x86.Build.0 = Release|Any CPU
	EndGlobalSection
	GlobalSection(NestedProjects) = preSolution
		{350C01B9-BD10-4E94-828C-645DF2FB58E6} = {25899974-2E0F-4612-9E2C-4FAA4BF2962E}
		{BCBAD6E8-DDDC-409E-B13E-761430AF8E86} = {25899974-2E0F-4612-9E2C-4FAA4BF2962E}
		{53776027-0982-41FD-8FB3-9F1F2530689F} = {25899974-2E0F-4612-9E2C-4FAA4BF2962E}
		{FF96858E-3410-4E32-B50E-24E680DA7F5D} = {25899974-2E0F-4612-9E2C-4FAA4BF2962E}
		{BBF5EC60-32DC-4DC0-AD19-7771574166C7} = {25899974-2E0F-4612-9E2C-4FAA4BF2962E}
		{DBA382A1-2A6A-40B7-9AFA-F90C8711A889} = {25899974-2E0F-4612-9E2C-4FAA4BF2962E}
		{D3D1AB91-C9FE-4D98-8519-BABC70969FA8} = {25899974-2E0F-4612-9E2C-4FAA4BF2962E}
		{81ECE2A3-45D3-45E3-A371-ECC08B43F897} = {25899974-2E0F-4612-9E2C-4FAA4BF2962E}
	EndGlobalSection
EndGlobal
