
Microsoft Visual Studio Solution File, Format Version 12.00
# Visual Studio 15
VisualStudioVersion = 15.0.26124.0
MinimumVisualStudioVersion = 15.0.26124.0
Project("{2150E333-8FDC-42A3-9474-1A3956D46DE8}") = "src", "src", "{F208E6DC-817E-444C-8B57-D8B0D986E4A6}"
EndProject
Project("{FAE04EC0-301F-11D3-BF4B-00C04F79EFBC}") = "Persona.API", "src\Persona.API\Persona.API.csproj", "{7845137D-3CBB-4948-9C3E-855E747D1555}"
EndProject
Project("{FAE04EC0-301F-11D3-BF4B-00C04F79EFBC}") = "Persona.Domain", "src\Persona.Domain\Persona.Domain.csproj", "{DB9E2283-35EB-4397-915B-40E7B2356ADC}"
EndProject
Project("{FAE04EC0-301F-11D3-BF4B-00C04F79EFBC}") = "Persona.Infrastructure", "src\Persona.Infrastructure\Persona.Infrastructure.csproj", "{95FB91DC-3DC9-4EBA-BE92-EEF5034B9F34}"
EndProject
Project("{FAE04EC0-301F-11D3-BF4B-00C04F79EFBC}") = "Persona.SharedKernel", "src\Persona.SharedKernel\Persona.SharedKernel.csproj", "{0F128ED6-53BC-42E5-AE41-BC102886A393}"
EndProject
Project("{FAE04EC0-301F-11D3-BF4B-00C04F79EFBC}") = "Persona.Web.Admin", "src\Persona.Web.Admin\Persona.Web.Admin.csproj", "{3D62AE57-A134-4750-8E2C-B306EB338A91}"
EndProject
Project("{FAE04EC0-301F-11D3-BF4B-00C04F79EFBC}") = "Persona.Web.FrontPage", "src\Persona.Web.FrontPage\Persona.Web.FrontPage.csproj", "{6B5D0E12-C558-4F50-9016-DF6EF3FB72F5}"
EndProject
Project("{FAE04EC0-301F-11D3-BF4B-00C04F79EFBC}") = "Persona.Persistence", "src\Persona.Persistence\Persona.Persistence.csproj", "{AF60BA17-496C-4618-923E-CFA0B1AA7E33}"
EndProject
Project("{FAE04EC0-301F-11D3-BF4B-00C04F79EFBC}") = "Persona.SharedKernel.Tests", "src\Persona.SharedKernel.Tests\Persona.SharedKernel.Tests.csproj", "{097C3BC2-48DD-497D-98F8-8ACECFDEA325}"
EndProject
Global
	GlobalSection(SolutionConfigurationPlatforms) = preSolution
		Debug|Any CPU = Debug|Any CPU
		Debug|x64 = Debug|x64
		Debug|x86 = Debug|x86
		Release|Any CPU = Release|Any CPU
		Release|x64 = Release|x64
		Release|x86 = Release|x86
	EndGlobalSection
	GlobalSection(SolutionProperties) = preSolution
		HideSolutionNode = FALSE
	EndGlobalSection
	GlobalSection(ProjectConfigurationPlatforms) = postSolution
		{7845137D-3CBB-4948-9C3E-855E747D1555}.Debug|Any CPU.ActiveCfg = Debug|Any CPU
		{7845137D-3CBB-4948-9C3E-855E747D1555}.Debug|Any CPU.Build.0 = Debug|Any CPU
		{7845137D-3CBB-4948-9C3E-855E747D1555}.Debug|x64.ActiveCfg = Debug|Any CPU
		{7845137D-3CBB-4948-9C3E-855E747D1555}.Debug|x64.Build.0 = Debug|Any CPU
		{7845137D-3CBB-4948-9C3E-855E747D1555}.Debug|x86.ActiveCfg = Debug|Any CPU
		{7845137D-3CBB-4948-9C3E-855E747D1555}.Debug|x86.Build.0 = Debug|Any CPU
		{7845137D-3CBB-4948-9C3E-855E747D1555}.Release|Any CPU.ActiveCfg = Release|Any CPU
		{7845137D-3CBB-4948-9C3E-855E747D1555}.Release|Any CPU.Build.0 = Release|Any CPU
		{7845137D-3CBB-4948-9C3E-855E747D1555}.Release|x64.ActiveCfg = Release|Any CPU
		{7845137D-3CBB-4948-9C3E-855E747D1555}.Release|x64.Build.0 = Release|Any CPU
		{7845137D-3CBB-4948-9C3E-855E747D1555}.Release|x86.ActiveCfg = Release|Any CPU
		{7845137D-3CBB-4948-9C3E-855E747D1555}.Release|x86.Build.0 = Release|Any CPU
		{DB9E2283-35EB-4397-915B-40E7B2356ADC}.Debug|Any CPU.ActiveCfg = Debug|Any CPU
		{DB9E2283-35EB-4397-915B-40E7B2356ADC}.Debug|Any CPU.Build.0 = Debug|Any CPU
		{DB9E2283-35EB-4397-915B-40E7B2356ADC}.Debug|x64.ActiveCfg = Debug|Any CPU
		{DB9E2283-35EB-4397-915B-40E7B2356ADC}.Debug|x64.Build.0 = Debug|Any CPU
		{DB9E2283-35EB-4397-915B-40E7B2356ADC}.Debug|x86.ActiveCfg = Debug|Any CPU
		{DB9E2283-35EB-4397-915B-40E7B2356ADC}.Debug|x86.Build.0 = Debug|Any CPU
		{DB9E2283-35EB-4397-915B-40E7B2356ADC}.Release|Any CPU.ActiveCfg = Release|Any CPU
		{DB9E2283-35EB-4397-915B-40E7B2356ADC}.Release|Any CPU.Build.0 = Release|Any CPU
		{DB9E2283-35EB-4397-915B-40E7B2356ADC}.Release|x64.ActiveCfg = Release|Any CPU
		{DB9E2283-35EB-4397-915B-40E7B2356ADC}.Release|x64.Build.0 = Release|Any CPU
		{DB9E2283-35EB-4397-915B-40E7B2356ADC}.Release|x86.ActiveCfg = Release|Any CPU
		{DB9E2283-35EB-4397-915B-40E7B2356ADC}.Release|x86.Build.0 = Release|Any CPU
		{95FB91DC-3DC9-4EBA-BE92-EEF5034B9F34}.Debug|Any CPU.ActiveCfg = Debug|Any CPU
		{95FB91DC-3DC9-4EBA-BE92-EEF5034B9F34}.Debug|Any CPU.Build.0 = Debug|Any CPU
		{95FB91DC-3DC9-4EBA-BE92-EEF5034B9F34}.Debug|x64.ActiveCfg = Debug|Any CPU
		{95FB91DC-3DC9-4EBA-BE92-EEF5034B9F34}.Debug|x64.Build.0 = Debug|Any CPU
		{95FB91DC-3DC9-4EBA-BE92-EEF5034B9F34}.Debug|x86.ActiveCfg = Debug|Any CPU
		{95FB91DC-3DC9-4EBA-BE92-EEF5034B9F34}.Debug|x86.Build.0 = Debug|Any CPU
		{95FB91DC-3DC9-4EBA-BE92-EEF5034B9F34}.Release|Any CPU.ActiveCfg = Release|Any CPU
		{95FB91DC-3DC9-4EBA-BE92-EEF5034B9F34}.Release|Any CPU.Build.0 = Release|Any CPU
		{95FB91DC-3DC9-4EBA-BE92-EEF5034B9F34}.Release|x64.ActiveCfg = Release|Any CPU
		{95FB91DC-3DC9-4EBA-BE92-EEF5034B9F34}.Release|x64.Build.0 = Release|Any CPU
		{95FB91DC-3DC9-4EBA-BE92-EEF5034B9F34}.Release|x86.ActiveCfg = Release|Any CPU
		{95FB91DC-3DC9-4EBA-BE92-EEF5034B9F34}.Release|x86.Build.0 = Release|Any CPU
		{0F128ED6-53BC-42E5-AE41-BC102886A393}.Debug|Any CPU.ActiveCfg = Debug|Any CPU
		{0F128ED6-53BC-42E5-AE41-BC102886A393}.Debug|Any CPU.Build.0 = Debug|Any CPU
		{0F128ED6-53BC-42E5-AE41-BC102886A393}.Debug|x64.ActiveCfg = Debug|Any CPU
		{0F128ED6-53BC-42E5-AE41-BC102886A393}.Debug|x64.Build.0 = Debug|Any CPU
		{0F128ED6-53BC-42E5-AE41-BC102886A393}.Debug|x86.ActiveCfg = Debug|Any CPU
		{0F128ED6-53BC-42E5-AE41-BC102886A393}.Debug|x86.Build.0 = Debug|Any CPU
		{0F128ED6-53BC-42E5-AE41-BC102886A393}.Release|Any CPU.ActiveCfg = Release|Any CPU
		{0F128ED6-53BC-42E5-AE41-BC102886A393}.Release|Any CPU.Build.0 = Release|Any CPU
		{0F128ED6-53BC-42E5-AE41-BC102886A393}.Release|x64.ActiveCfg = Release|Any CPU
		{0F128ED6-53BC-42E5-AE41-BC102886A393}.Release|x64.Build.0 = Release|Any CPU
		{0F128ED6-53BC-42E5-AE41-BC102886A393}.Release|x86.ActiveCfg = Release|Any CPU
		{0F128ED6-53BC-42E5-AE41-BC102886A393}.Release|x86.Build.0 = Release|Any CPU
		{3D62AE57-A134-4750-8E2C-B306EB338A91}.Debug|Any CPU.ActiveCfg = Debug|Any CPU
		{3D62AE57-A134-4750-8E2C-B306EB338A91}.Debug|Any CPU.Build.0 = Debug|Any CPU
		{3D62AE57-A134-4750-8E2C-B306EB338A91}.Debug|x64.ActiveCfg = Debug|Any CPU
		{3D62AE57-A134-4750-8E2C-B306EB338A91}.Debug|x64.Build.0 = Debug|Any CPU
		{3D62AE57-A134-4750-8E2C-B306EB338A91}.Debug|x86.ActiveCfg = Debug|Any CPU
		{3D62AE57-A134-4750-8E2C-B306EB338A91}.Debug|x86.Build.0 = Debug|Any CPU
		{3D62AE57-A134-4750-8E2C-B306EB338A91}.Release|Any CPU.ActiveCfg = Release|Any CPU
		{3D62AE57-A134-4750-8E2C-B306EB338A91}.Release|Any CPU.Build.0 = Release|Any CPU
		{3D62AE57-A134-4750-8E2C-B306EB338A91}.Release|x64.ActiveCfg = Release|Any CPU
		{3D62AE57-A134-4750-8E2C-B306EB338A91}.Release|x64.Build.0 = Release|Any CPU
		{3D62AE57-A134-4750-8E2C-B306EB338A91}.Release|x86.ActiveCfg = Release|Any CPU
		{3D62AE57-A134-4750-8E2C-B306EB338A91}.Release|x86.Build.0 = Release|Any CPU
		{6B5D0E12-C558-4F50-9016-DF6EF3FB72F5}.Debug|Any CPU.ActiveCfg = Debug|Any CPU
		{6B5D0E12-C558-4F50-9016-DF6EF3FB72F5}.Debug|Any CPU.Build.0 = Debug|Any CPU
		{6B5D0E12-C558-4F50-9016-DF6EF3FB72F5}.Debug|x64.ActiveCfg = Debug|Any CPU
		{6B5D0E12-C558-4F50-9016-DF6EF3FB72F5}.Debug|x64.Build.0 = Debug|Any CPU
		{6B5D0E12-C558-4F50-9016-DF6EF3FB72F5}.Debug|x86.ActiveCfg = Debug|Any CPU
		{6B5D0E12-C558-4F50-9016-DF6EF3FB72F5}.Debug|x86.Build.0 = Debug|Any CPU
		{6B5D0E12-C558-4F50-9016-DF6EF3FB72F5}.Release|Any CPU.ActiveCfg = Release|Any CPU
		{6B5D0E12-C558-4F50-9016-DF6EF3FB72F5}.Release|Any CPU.Build.0 = Release|Any CPU
		{6B5D0E12-C558-4F50-9016-DF6EF3FB72F5}.Release|x64.ActiveCfg = Release|Any CPU
		{6B5D0E12-C558-4F50-9016-DF6EF3FB72F5}.Release|x64.Build.0 = Release|Any CPU
		{6B5D0E12-C558-4F50-9016-DF6EF3FB72F5}.Release|x86.ActiveCfg = Release|Any CPU
		{6B5D0E12-C558-4F50-9016-DF6EF3FB72F5}.Release|x86.Build.0 = Release|Any CPU
		{AF60BA17-496C-4618-923E-CFA0B1AA7E33}.Debug|Any CPU.ActiveCfg = Debug|Any CPU
		{AF60BA17-496C-4618-923E-CFA0B1AA7E33}.Debug|Any CPU.Build.0 = Debug|Any CPU
		{AF60BA17-496C-4618-923E-CFA0B1AA7E33}.Debug|x64.ActiveCfg = Debug|Any CPU
		{AF60BA17-496C-4618-923E-CFA0B1AA7E33}.Debug|x64.Build.0 = Debug|Any CPU
		{AF60BA17-496C-4618-923E-CFA0B1AA7E33}.Debug|x86.ActiveCfg = Debug|Any CPU
		{AF60BA17-496C-4618-923E-CFA0B1AA7E33}.Debug|x86.Build.0 = Debug|Any CPU
		{AF60BA17-496C-4618-923E-CFA0B1AA7E33}.Release|Any CPU.ActiveCfg = Release|Any CPU
		{AF60BA17-496C-4618-923E-CFA0B1AA7E33}.Release|Any CPU.Build.0 = Release|Any CPU
		{AF60BA17-496C-4618-923E-CFA0B1AA7E33}.Release|x64.ActiveCfg = Release|Any CPU
		{AF60BA17-496C-4618-923E-CFA0B1AA7E33}.Release|x64.Build.0 = Release|Any CPU
		{AF60BA17-496C-4618-923E-CFA0B1AA7E33}.Release|x86.ActiveCfg = Release|Any CPU
		{AF60BA17-496C-4618-923E-CFA0B1AA7E33}.Release|x86.Build.0 = Release|Any CPU
		{097C3BC2-48DD-497D-98F8-8ACECFDEA325}.Debug|Any CPU.ActiveCfg = Debug|Any CPU
		{097C3BC2-48DD-497D-98F8-8ACECFDEA325}.Debug|Any CPU.Build.0 = Debug|Any CPU
		{097C3BC2-48DD-497D-98F8-8ACECFDEA325}.Debug|x64.ActiveCfg = Debug|Any CPU
		{097C3BC2-48DD-497D-98F8-8ACECFDEA325}.Debug|x64.Build.0 = Debug|Any CPU
		{097C3BC2-48DD-497D-98F8-8ACECFDEA325}.Debug|x86.ActiveCfg = Debug|Any CPU
		{097C3BC2-48DD-497D-98F8-8ACECFDEA325}.Debug|x86.Build.0 = Debug|Any CPU
		{097C3BC2-48DD-497D-98F8-8ACECFDEA325}.Release|Any CPU.ActiveCfg = Release|Any CPU
		{097C3BC2-48DD-497D-98F8-8ACECFDEA325}.Release|Any CPU.Build.0 = Release|Any CPU
		{097C3BC2-48DD-497D-98F8-8ACECFDEA325}.Release|x64.ActiveCfg = Release|Any CPU
		{097C3BC2-48DD-497D-98F8-8ACECFDEA325}.Release|x64.Build.0 = Release|Any CPU
		{097C3BC2-48DD-497D-98F8-8ACECFDEA325}.Release|x86.ActiveCfg = Release|Any CPU
		{097C3BC2-48DD-497D-98F8-8ACECFDEA325}.Release|x86.Build.0 = Release|Any CPU
	EndGlobalSection
	GlobalSection(NestedProjects) = preSolution
		{7845137D-3CBB-4948-9C3E-855E747D1555} = {F208E6DC-817E-444C-8B57-D8B0D986E4A6}
		{DB9E2283-35EB-4397-915B-40E7B2356ADC} = {F208E6DC-817E-444C-8B57-D8B0D986E4A6}
		{95FB91DC-3DC9-4EBA-BE92-EEF5034B9F34} = {F208E6DC-817E-444C-8B57-D8B0D986E4A6}
		{0F128ED6-53BC-42E5-AE41-BC102886A393} = {F208E6DC-817E-444C-8B57-D8B0D986E4A6}
		{3D62AE57-A134-4750-8E2C-B306EB338A91} = {F208E6DC-817E-444C-8B57-D8B0D986E4A6}
		{6B5D0E12-C558-4F50-9016-DF6EF3FB72F5} = {F208E6DC-817E-444C-8B57-D8B0D986E4A6}
		{AF60BA17-496C-4618-923E-CFA0B1AA7E33} = {F208E6DC-817E-444C-8B57-D8B0D986E4A6}
		{097C3BC2-48DD-497D-98F8-8ACECFDEA325} = {F208E6DC-817E-444C-8B57-D8B0D986E4A6}
	EndGlobalSection
EndGlobal
