
Microsoft Visual Studio Solution File, Format Version 12.00
# Visual Studio 15
VisualStudioVersion = 15.0.26124.0
MinimumVisualStudioVersion = 15.0.26124.0
Project("{2150E333-8FDC-42A3-9474-1A3956D46DE8}") = "src", "src", "{8993AD55-6FA5-4DAB-A9B8-4E62617A896F}"
EndProject
Project("{FAE04EC0-301F-11D3-BF4B-00C04F79EFBC}") = "Persona.IdentityServer", "src\Persona.IdentityServer\Persona.IdentityServer.csproj", "{D01065B7-C917-4EA0-BEBB-B5404F4BA982}"
EndProject
Global
	GlobalSection(SolutionConfigurationPlatforms) = preSolution
		Debug|Any CPU = Debug|Any CPU
		Debug|x64 = Debug|x64
		Debug|x86 = Debug|x86
		Release|Any CPU = Release|Any CPU
		Release|x64 = Release|x64
		Release|x86 = Release|x86
	EndGlobalSection
	GlobalSection(SolutionProperties) = preSolution
		HideSolutionNode = FALSE
	EndGlobalSection
	GlobalSection(ProjectConfigurationPlatforms) = postSolution
		{D01065B7-C917-4EA0-BEBB-B5404F4BA982}.Debug|Any CPU.ActiveCfg = Debug|Any CPU
		{D01065B7-C917-4EA0-BEBB-B5404F4BA982}.Debug|Any CPU.Build.0 = Debug|Any CPU
		{D01065B7-C917-4EA0-BEBB-B5404F4BA982}.Debug|x64.ActiveCfg = Debug|Any CPU
		{D01065B7-C917-4EA0-BEBB-B5404F4BA982}.Debug|x64.Build.0 = Debug|Any CPU
		{D01065B7-C917-4EA0-BEBB-B5404F4BA982}.Debug|x86.ActiveCfg = Debug|Any CPU
		{D01065B7-C917-4EA0-BEBB-B5404F4BA982}.Debug|x86.Build.0 = Debug|Any CPU
		{D01065B7-C917-4EA0-BEBB-B5404F4BA982}.Release|Any CPU.ActiveCfg = Release|Any CPU
		{D01065B7-C917-4EA0-BEBB-B5404F4BA982}.Release|Any CPU.Build.0 = Release|Any CPU
		{D01065B7-C917-4EA0-BEBB-B5404F4BA982}.Release|x64.ActiveCfg = Release|Any CPU
		{D01065B7-C917-4EA0-BEBB-B5404F4BA982}.Release|x64.Build.0 = Release|Any CPU
		{D01065B7-C917-4EA0-BEBB-B5404F4BA982}.Release|x86.ActiveCfg = Release|Any CPU
		{D01065B7-C917-4EA0-BEBB-B5404F4BA982}.Release|x86.Build.0 = Release|Any CPU
	EndGlobalSection
	GlobalSection(NestedProjects) = preSolution
		{D01065B7-C917-4EA0-BEBB-B5404F4BA982} = {8993AD55-6FA5-4DAB-A9B8-4E62617A896F}
	EndGlobalSection
EndGlobal
