
Microsoft Visual Studio Solution File, Format Version 12.00
# Visual Studio 15
VisualStudioVersion = 15.0.26124.0
MinimumVisualStudioVersion = 15.0.26124.0
Project("{2150E333-8FDC-42A3-9474-1A3956D46DE8}") = "src", "src", "{223CE357-38FD-47BE-A9E0-2F235E8004B5}"
EndProject
Project("{FAE04EC0-301F-11D3-BF4B-00C04F79EFBC}") = "Persona.API", "src\Persona.API\Persona.API.csproj", "{932EFD5B-84E0-4B63-8C2E-16B3F7EE5A68}"
EndProject
Project("{FAE04EC0-301F-11D3-BF4B-00C04F79EFBC}") = "Persona.Domain", "src\Persona.Domain\Persona.Domain.csproj", "{D31D4F81-97BE-4CD5-9A97-33A392E1E9C7}"
EndProject
Project("{FAE04EC0-301F-11D3-BF4B-00C04F79EFBC}") = "Persona.Infrastructure", "src\Persona.Infrastructure\Persona.Infrastructure.csproj", "{BE2CC352-275A-4123-BDAC-3149C00FD4B2}"
EndProject
Project("{FAE04EC0-301F-11D3-BF4B-00C04F79EFBC}") = "Persona.Persistence", "src\Persona.Persistence\Persona.Persistence.csproj", "{0AF45C3F-4F65-446B-A78F-BF794DC3C4F1}"
EndProject
Project("{FAE04EC0-301F-11D3-BF4B-00C04F79EFBC}") = "Persona.SharedKernel", "src\Persona.SharedKernel\Persona.SharedKernel.csproj", "{3085726D-BF38-42F6-B45A-325E93948AB3}"
EndProject
Project("{FAE04EC0-301F-11D3-BF4B-00C04F79EFBC}") = "Persona.SharedKernel.Tests", "src\Persona.SharedKernel.Tests\Persona.SharedKernel.Tests.csproj", "{E4191D41-3ACA-4307-BD1F-F82DCEC9B402}"
EndProject
Project("{FAE04EC0-301F-11D3-BF4B-00C04F79EFBC}") = "Persona.Web.Admin", "src\Persona.Web.Admin\Persona.Web.Admin.csproj", "{E6597A82-4579-458E-AB04-A8BC126F8FFC}"
EndProject
Project("{FAE04EC0-301F-11D3-BF4B-00C04F79EFBC}") = "Persona.Web.FrontPage", "src\Persona.Web.FrontPage\Persona.Web.FrontPage.csproj", "{B15AB63C-3E99-442F-96BF-10ABE35D0BA8}"
EndProject
Global
	GlobalSection(SolutionConfigurationPlatforms) = preSolution
		Debug|Any CPU = Debug|Any CPU
		Debug|x64 = Debug|x64
		Debug|x86 = Debug|x86
		Release|Any CPU = Release|Any CPU
		Release|x64 = Release|x64
		Release|x86 = Release|x86
	EndGlobalSection
	GlobalSection(SolutionProperties) = preSolution
		HideSolutionNode = FALSE
	EndGlobalSection
	GlobalSection(ProjectConfigurationPlatforms) = postSolution
		{932EFD5B-84E0-4B63-8C2E-16B3F7EE5A68}.Debug|Any CPU.ActiveCfg = Debug|Any CPU
		{932EFD5B-84E0-4B63-8C2E-16B3F7EE5A68}.Debug|Any CPU.Build.0 = Debug|Any CPU
		{932EFD5B-84E0-4B63-8C2E-16B3F7EE5A68}.Debug|x64.ActiveCfg = Debug|Any CPU
		{932EFD5B-84E0-4B63-8C2E-16B3F7EE5A68}.Debug|x64.Build.0 = Debug|Any CPU
		{932EFD5B-84E0-4B63-8C2E-16B3F7EE5A68}.Debug|x86.ActiveCfg = Debug|Any CPU
		{932EFD5B-84E0-4B63-8C2E-16B3F7EE5A68}.Debug|x86.Build.0 = Debug|Any CPU
		{932EFD5B-84E0-4B63-8C2E-16B3F7EE5A68}.Release|Any CPU.ActiveCfg = Release|Any CPU
		{932EFD5B-84E0-4B63-8C2E-16B3F7EE5A68}.Release|Any CPU.Build.0 = Release|Any CPU
		{932EFD5B-84E0-4B63-8C2E-16B3F7EE5A68}.Release|x64.ActiveCfg = Release|Any CPU
		{932EFD5B-84E0-4B63-8C2E-16B3F7EE5A68}.Release|x64.Build.0 = Release|Any CPU
		{932EFD5B-84E0-4B63-8C2E-16B3F7EE5A68}.Release|x86.ActiveCfg = Release|Any CPU
		{932EFD5B-84E0-4B63-8C2E-16B3F7EE5A68}.Release|x86.Build.0 = Release|Any CPU
		{D31D4F81-97BE-4CD5-9A97-33A392E1E9C7}.Debug|Any CPU.ActiveCfg = Debug|Any CPU
		{D31D4F81-97BE-4CD5-9A97-33A392E1E9C7}.Debug|Any CPU.Build.0 = Debug|Any CPU
		{D31D4F81-97BE-4CD5-9A97-33A392E1E9C7}.Debug|x64.ActiveCfg = Debug|Any CPU
		{D31D4F81-97BE-4CD5-9A97-33A392E1E9C7}.Debug|x64.Build.0 = Debug|Any CPU
		{D31D4F81-97BE-4CD5-9A97-33A392E1E9C7}.Debug|x86.ActiveCfg = Debug|Any CPU
		{D31D4F81-97BE-4CD5-9A97-33A392E1E9C7}.Debug|x86.Build.0 = Debug|Any CPU
		{D31D4F81-97BE-4CD5-9A97-33A392E1E9C7}.Release|Any CPU.ActiveCfg = Release|Any CPU
		{D31D4F81-97BE-4CD5-9A97-33A392E1E9C7}.Release|Any CPU.Build.0 = Release|Any CPU
		{D31D4F81-97BE-4CD5-9A97-33A392E1E9C7}.Release|x64.ActiveCfg = Release|Any CPU
		{D31D4F81-97BE-4CD5-9A97-33A392E1E9C7}.Release|x64.Build.0 = Release|Any CPU
		{D31D4F81-97BE-4CD5-9A97-33A392E1E9C7}.Release|x86.ActiveCfg = Release|Any CPU
		{D31D4F81-97BE-4CD5-9A97-33A392E1E9C7}.Release|x86.Build.0 = Release|Any CPU
		{BE2CC352-275A-4123-BDAC-3149C00FD4B2}.Debug|Any CPU.ActiveCfg = Debug|Any CPU
		{BE2CC352-275A-4123-BDAC-3149C00FD4B2}.Debug|Any CPU.Build.0 = Debug|Any CPU
		{BE2CC352-275A-4123-BDAC-3149C00FD4B2}.Debug|x64.ActiveCfg = Debug|Any CPU
		{BE2CC352-275A-4123-BDAC-3149C00FD4B2}.Debug|x64.Build.0 = Debug|Any CPU
		{BE2CC352-275A-4123-BDAC-3149C00FD4B2}.Debug|x86.ActiveCfg = Debug|Any CPU
		{BE2CC352-275A-4123-BDAC-3149C00FD4B2}.Debug|x86.Build.0 = Debug|Any CPU
		{BE2CC352-275A-4123-BDAC-3149C00FD4B2}.Release|Any CPU.ActiveCfg = Release|Any CPU
		{BE2CC352-275A-4123-BDAC-3149C00FD4B2}.Release|Any CPU.Build.0 = Release|Any CPU
		{BE2CC352-275A-4123-BDAC-3149C00FD4B2}.Release|x64.ActiveCfg = Release|Any CPU
		{BE2CC352-275A-4123-BDAC-3149C00FD4B2}.Release|x64.Build.0 = Release|Any CPU
		{BE2CC352-275A-4123-BDAC-3149C00FD4B2}.Release|x86.ActiveCfg = Release|Any CPU
		{BE2CC352-275A-4123-BDAC-3149C00FD4B2}.Release|x86.Build.0 = Release|Any CPU
		{0AF45C3F-4F65-446B-A78F-BF794DC3C4F1}.Debug|Any CPU.ActiveCfg = Debug|Any CPU
		{0AF45C3F-4F65-446B-A78F-BF794DC3C4F1}.Debug|Any CPU.Build.0 = Debug|Any CPU
		{0AF45C3F-4F65-446B-A78F-BF794DC3C4F1}.Debug|x64.ActiveCfg = Debug|Any CPU
		{0AF45C3F-4F65-446B-A78F-BF794DC3C4F1}.Debug|x64.Build.0 = Debug|Any CPU
		{0AF45C3F-4F65-446B-A78F-BF794DC3C4F1}.Debug|x86.ActiveCfg = Debug|Any CPU
		{0AF45C3F-4F65-446B-A78F-BF794DC3C4F1}.Debug|x86.Build.0 = Debug|Any CPU
		{0AF45C3F-4F65-446B-A78F-BF794DC3C4F1}.Release|Any CPU.ActiveCfg = Release|Any CPU
		{0AF45C3F-4F65-446B-A78F-BF794DC3C4F1}.Release|Any CPU.Build.0 = Release|Any CPU
		{0AF45C3F-4F65-446B-A78F-BF794DC3C4F1}.Release|x64.ActiveCfg = Release|Any CPU
		{0AF45C3F-4F65-446B-A78F-BF794DC3C4F1}.Release|x64.Build.0 = Release|Any CPU
		{0AF45C3F-4F65-446B-A78F-BF794DC3C4F1}.Release|x86.ActiveCfg = Release|Any CPU
		{0AF45C3F-4F65-446B-A78F-BF794DC3C4F1}.Release|x86.Build.0 = Release|Any CPU
		{3085726D-BF38-42F6-B45A-325E93948AB3}.Debug|Any CPU.ActiveCfg = Debug|Any CPU
		{3085726D-BF38-42F6-B45A-325E93948AB3}.Debug|Any CPU.Build.0 = Debug|Any CPU
		{3085726D-BF38-42F6-B45A-325E93948AB3}.Debug|x64.ActiveCfg = Debug|Any CPU
		{3085726D-BF38-42F6-B45A-325E93948AB3}.Debug|x64.Build.0 = Debug|Any CPU
		{3085726D-BF38-42F6-B45A-325E93948AB3}.Debug|x86.ActiveCfg = Debug|Any CPU
		{3085726D-BF38-42F6-B45A-325E93948AB3}.Debug|x86.Build.0 = Debug|Any CPU
		{3085726D-BF38-42F6-B45A-325E93948AB3}.Release|Any CPU.ActiveCfg = Release|Any CPU
		{3085726D-BF38-42F6-B45A-325E93948AB3}.Release|Any CPU.Build.0 = Release|Any CPU
		{3085726D-BF38-42F6-B45A-325E93948AB3}.Release|x64.ActiveCfg = Release|Any CPU
		{3085726D-BF38-42F6-B45A-325E93948AB3}.Release|x64.Build.0 = Release|Any CPU
		{3085726D-BF38-42F6-B45A-325E93948AB3}.Release|x86.ActiveCfg = Release|Any CPU
		{3085726D-BF38-42F6-B45A-325E93948AB3}.Release|x86.Build.0 = Release|Any CPU
		{E4191D41-3ACA-4307-BD1F-F82DCEC9B402}.Debug|Any CPU.ActiveCfg = Debug|Any CPU
		{E4191D41-3ACA-4307-BD1F-F82DCEC9B402}.Debug|Any CPU.Build.0 = Debug|Any CPU
		{E4191D41-3ACA-4307-BD1F-F82DCEC9B402}.Debug|x64.ActiveCfg = Debug|Any CPU
		{E4191D41-3ACA-4307-BD1F-F82DCEC9B402}.Debug|x64.Build.0 = Debug|Any CPU
		{E4191D41-3ACA-4307-BD1F-F82DCEC9B402}.Debug|x86.ActiveCfg = Debug|Any CPU
		{E4191D41-3ACA-4307-BD1F-F82DCEC9B402}.Debug|x86.Build.0 = Debug|Any CPU
		{E4191D41-3ACA-4307-BD1F-F82DCEC9B402}.Release|Any CPU.ActiveCfg = Release|Any CPU
		{E4191D41-3ACA-4307-BD1F-F82DCEC9B402}.Release|Any CPU.Build.0 = Release|Any CPU
		{E4191D41-3ACA-4307-BD1F-F82DCEC9B402}.Release|x64.ActiveCfg = Release|Any CPU
		{E4191D41-3ACA-4307-BD1F-F82DCEC9B402}.Release|x64.Build.0 = Release|Any CPU
		{E4191D41-3ACA-4307-BD1F-F82DCEC9B402}.Release|x86.ActiveCfg = Release|Any CPU
		{E4191D41-3ACA-4307-BD1F-F82DCEC9B402}.Release|x86.Build.0 = Release|Any CPU
		{E6597A82-4579-458E-AB04-A8BC126F8FFC}.Debug|Any CPU.ActiveCfg = Debug|Any CPU
		{E6597A82-4579-458E-AB04-A8BC126F8FFC}.Debug|Any CPU.Build.0 = Debug|Any CPU
		{E6597A82-4579-458E-AB04-A8BC126F8FFC}.Debug|x64.ActiveCfg = Debug|Any CPU
		{E6597A82-4579-458E-AB04-A8BC126F8FFC}.Debug|x64.Build.0 = Debug|Any CPU
		{E6597A82-4579-458E-AB04-A8BC126F8FFC}.Debug|x86.ActiveCfg = Debug|Any CPU
		{E6597A82-4579-458E-AB04-A8BC126F8FFC}.Debug|x86.Build.0 = Debug|Any CPU
		{E6597A82-4579-458E-AB04-A8BC126F8FFC}.Release|Any CPU.ActiveCfg = Release|Any CPU
		{E6597A82-4579-458E-AB04-A8BC126F8FFC}.Release|Any CPU.Build.0 = Release|Any CPU
		{E6597A82-4579-458E-AB04-A8BC126F8FFC}.Release|x64.ActiveCfg = Release|Any CPU
		{E6597A82-4579-458E-AB04-A8BC126F8FFC}.Release|x64.Build.0 = Release|Any CPU
		{E6597A82-4579-458E-AB04-A8BC126F8FFC}.Release|x86.ActiveCfg = Release|Any CPU
		{E6597A82-4579-458E-AB04-A8BC126F8FFC}.Release|x86.Build.0 = Release|Any CPU
		{B15AB63C-3E99-442F-96BF-10ABE35D0BA8}.Debug|Any CPU.ActiveCfg = Debug|Any CPU
		{B15AB63C-3E99-442F-96BF-10ABE35D0BA8}.Debug|Any CPU.Build.0 = Debug|Any CPU
		{B15AB63C-3E99-442F-96BF-10ABE35D0BA8}.Debug|x64.ActiveCfg = Debug|Any CPU
		{B15AB63C-3E99-442F-96BF-10ABE35D0BA8}.Debug|x64.Build.0 = Debug|Any CPU
		{B15AB63C-3E99-442F-96BF-10ABE35D0BA8}.Debug|x86.ActiveCfg = Debug|Any CPU
		{B15AB63C-3E99-442F-96BF-10ABE35D0BA8}.Debug|x86.Build.0 = Debug|Any CPU
		{B15AB63C-3E99-442F-96BF-10ABE35D0BA8}.Release|Any CPU.ActiveCfg = Release|Any CPU
		{B15AB63C-3E99-442F-96BF-10ABE35D0BA8}.Release|Any CPU.Build.0 = Release|Any CPU
		{B15AB63C-3E99-442F-96BF-10ABE35D0BA8}.Release|x64.ActiveCfg = Release|Any CPU
		{B15AB63C-3E99-442F-96BF-10ABE35D0BA8}.Release|x64.Build.0 = Release|Any CPU
		{B15AB63C-3E99-442F-96BF-10ABE35D0BA8}.Release|x86.ActiveCfg = Release|Any CPU
		{B15AB63C-3E99-442F-96BF-10ABE35D0BA8}.Release|x86.Build.0 = Release|Any CPU
	EndGlobalSection
	GlobalSection(NestedProjects) = preSolution
		{932EFD5B-84E0-4B63-8C2E-16B3F7EE5A68} = {223CE357-38FD-47BE-A9E0-2F235E8004B5}
		{D31D4F81-97BE-4CD5-9A97-33A392E1E9C7} = {223CE357-38FD-47BE-A9E0-2F235E8004B5}
		{BE2CC352-275A-4123-BDAC-3149C00FD4B2} = {223CE357-38FD-47BE-A9E0-2F235E8004B5}
		{0AF45C3F-4F65-446B-A78F-BF794DC3C4F1} = {223CE357-38FD-47BE-A9E0-2F235E8004B5}
		{3085726D-BF38-42F6-B45A-325E93948AB3} = {223CE357-38FD-47BE-A9E0-2F235E8004B5}
		{E4191D41-3ACA-4307-BD1F-F82DCEC9B402} = {223CE357-38FD-47BE-A9E0-2F235E8004B5}
		{E6597A82-4579-458E-AB04-A8BC126F8FFC} = {223CE357-38FD-47BE-A9E0-2F235E8004B5}
		{B15AB63C-3E99-442F-96BF-10ABE35D0BA8} = {223CE357-38FD-47BE-A9E0-2F235E8004B5}
	EndGlobalSection
EndGlobal
